{
  "name": "@epfml/discojs",
  "version": "2.1.1",
  "lockfileVersion": 3,
  "requires": true,
  "packages": {
    "": {
      "name": "@epfml/discojs",
      "version": "2.1.1",
      "dependencies": {
        "@epfml/discojs-core": "file:../discojs-core"
      }
    },
    "../discojs-core": {
      "dependencies": {
        "@tensorflow/tfjs": "^4.15.0",
        "@tensorflow/tfjs-node": "^4.15.0",
        "axios": "^1.6.2",
        "immutable": "^5.0.0-beta.4",
        "isomorphic-ws": "^5.0.0",
        "modelzoo": "^0.0.3",
        "msgpack-lite": "^0.1.26",
        "simple-peer": "^9.11.1"
      },
      "devDependencies": {
        "@epfml/gpt-tfjs": "file:../gpt-tfjs",
        "bun-types": "^1.0.16"
      }
    },
    "node_modules/@epfml/discojs-core": {
      "resolved": "../discojs-core",
      "link": true
    }
  }
}
